
Microsoft Visual Studio Solution File, Format Version 12.00
# Visual Studio Version 16
VisualStudioVersion = 16.0.30330.147
MinimumVisualStudioVersion = 10.0.40219.1
Project("{FAE04EC0-301F-11D3-BF4B-00C04F79EFBC}") = "RecapProject1", "RecapProject1\RecapProject1.csproj", "{4FF3F6C1-52E0-4DB7-BF59-7B2A73289BBA}"
EndProject
Global
	GlobalSection(SolutionConfigurationPlatforms) = preSolution
		Debug|Any CPU = Debug|Any CPU
		Release|Any CPU = Release|Any CPU
	EndGlobalSection
	GlobalSection(ProjectConfigurationPlatforms) = postSolution
		{4FF3F6C1-52E0-4DB7-BF59-7B2A73289BBA}.Debug|Any CPU.ActiveCfg = Debug|Any CPU
		{4FF3F6C1-52E0-4DB7-BF59-7B2A73289BBA}.Debug|Any CPU.Build.0 = Debug|Any CPU
		{4FF3F6C1-52E0-4DB7-BF59-7B2A73289BBA}.Release|Any CPU.ActiveCfg = Release|Any CPU
		{4FF3F6C1-52E0-4DB7-BF59-7B2A73289BBA}.Release|Any CPU.Build.0 = Release|Any CPU
	EndGlobalSection
	GlobalSection(SolutionProperties) = preSolution
		HideSolutionNode = FALSE
	EndGlobalSection
	GlobalSection(ExtensibilityGlobals) = postSolution
		SolutionGuid = {31EAA8FE-DA3B-4F0C-8689-E3B060A4BA23}
	EndGlobalSection
EndGlobal
